// !$*UTF8*$!
{
	archiveVersion = 1;
	classes = {
	};
	objectVersion = 46;
	objects = {

/* Begin PBXBuildFile section */
		E43F7F60CDD205BDD3E4C86E /* Pods_instagram.framework in Frameworks */ = {isa = PBXBuildFile; fileRef = 6D7FB3B025DC9C5DB95307AB /* Pods_instagram.framework */; };
		EE0958861C59A38200330946 /* AppDelegate.swift in Sources */ = {isa = PBXBuildFile; fileRef = EE0958851C59A38200330946 /* AppDelegate.swift */; };
		EE0958881C59A38200330946 /* photosViewController.swift in Sources */ = {isa = PBXBuildFile; fileRef = EE0958871C59A38200330946 /* photosViewController.swift */; };
		EE09588B1C59A38200330946 /* Main.storyboard in Resources */ = {isa = PBXBuildFile; fileRef = EE0958891C59A38200330946 /* Main.storyboard */; };
		EE09588D1C59A38200330946 /* Assets.xcassets in Resources */ = {isa = PBXBuildFile; fileRef = EE09588C1C59A38200330946 /* Assets.xcassets */; };
		EE0958901C59A38200330946 /* LaunchScreen.storyboard in Resources */ = {isa = PBXBuildFile; fileRef = EE09588E1C59A38200330946 /* LaunchScreen.storyboard */; };
		EE0958981C59B78800330946 /* PhotoCell.swift in Sources */ = {isa = PBXBuildFile; fileRef = EE0958971C59B78800330946 /* PhotoCell.swift */; };
/* End PBXBuildFile section */

/* Begin PBXFileReference section */
		5DBC435227A1015740E4C0B8 /* Pods-instagram.debug.xcconfig */ = {isa = PBXFileReference; includeInIndex = 1; lastKnownFileType = text.xcconfig; name = "Pods-instagram.debug.xcconfig"; path = "Pods/Target Support Files/Pods-instagram/Pods-instagram.debug.xcconfig"; sourceTree = "<group>"; };
		6D7FB3B025DC9C5DB95307AB /* Pods_instagram.framework */ = {isa = PBXFileReference; explicitFileType = wrapper.framework; includeInIndex = 0; path = Pods_instagram.framework; sourceTree = BUILT_PRODUCTS_DIR; };
		AF2F3DA19B2ED5DD3669FEC9 /* Pods-instagram.release.xcconfig */ = {isa = PBXFileReference; includeInIndex = 1; lastKnownFileType = text.xcconfig; name = "Pods-instagram.release.xcconfig"; path = "Pods/Target Support Files/Pods-instagram/Pods-instagram.release.xcconfig"; sourceTree = "<group>"; };
		EE0958821C59A38200330946 /* instagram.app */ = {isa = PBXFileReference; explicitFileType = wrapper.application; includeInIndex = 0; path = instagram.app; sourceTree = BUILT_PRODUCTS_DIR; };
		EE0958851C59A38200330946 /* AppDelegate.swift */ = {isa = PBXFileReference; lastKnownFileType = sourcecode.swift; path = AppDelegate.swift; sourceTree = "<group>"; };
		EE0958871C59A38200330946 /* photosViewController.swift */ = {isa = PBXFileReference; lastKnownFileType = sourcecode.swift; path = photosViewController.swift; sourceTree = "<group>"; };
		EE09588A1C59A38200330946 /* Base */ = {isa = PBXFileReference; lastKnownFileType = file.storyboard; name = Base; path = Base.lproj/Main.storyboard; sourceTree = "<group>"; };
		EE09588C1C59A38200330946 /* Assets.xcassets */ = {isa = PBXFileReference; lastKnownFileType = folder.assetcatalog; path = Assets.xcassets; sourceTree = "<group>"; };
		EE09588F1C59A38200330946 /* Base */ = {isa = PBXFileReference; lastKnownFileType = file.storyboard; name = Base; path = Base.lproj/LaunchScreen.storyboard; sourceTree = "<group>"; };
		EE0958911C59A38200330946 /* Info.plist */ = {isa = PBXFileReference; lastKnownFileType = text.plist.xml; path = Info.plist; sourceTree = "<group>"; };
		EE0958971C59B78800330946 /* PhotoCell.swift */ = {isa = PBXFileReference; fileEncoding = 4; lastKnownFileType = sourcecode.swift; name = PhotoCell.swift; path = ../PhotoCell.swift; sourceTree = "<group>"; };
/* End PBXFileReference section */

/* Begin PBXFrameworksBuildPhase section */
		EE09587F1C59A38200330946 /* Frameworks */ = {
			isa = PBXFrameworksBuildPhase;
			buildActionMask = 2147483647;
			files = (
				E43F7F60CDD205BDD3E4C86E /* Pods_instagram.framework in Frameworks */,
			);
			runOnlyForDeploymentPostprocessing = 0;
		};
/* End PBXFrameworksBuildPhase section */

/* Begin PBXGroup section */
		1CD0888348F981D40F995EE2 /* Frameworks */ = {
			isa = PBXGroup;
			children = (
				6D7FB3B025DC9C5DB95307AB /* Pods_instagram.framework */,
			);
			name = Frameworks;
			sourceTree = "<group>";
		};
		75F2E5DAC5F702C59DA2C78B /* Pods */ = {
			isa = PBXGroup;
			children = (
				5DBC435227A1015740E4C0B8 /* Pods-instagram.debug.xcconfig */,
				AF2F3DA19B2ED5DD3669FEC9 /* Pods-instagram.release.xcconfig */,
			);
			name = Pods;
			sourceTree = "<group>";
		};
		EE0958791C59A38200330946 = {
			isa = PBXGroup;
			children = (
				EE0958841C59A38200330946 /* instagram */,
				EE0958831C59A38200330946 /* Products */,
				75F2E5DAC5F702C59DA2C78B /* Pods */,
				1CD0888348F981D40F995EE2 /* Frameworks */,
			);
			sourceTree = "<group>";
		};
		EE0958831C59A38200330946 /* Products */ = {
			isa = PBXGroup;
			children = (
				EE0958821C59A38200330946 /* instagram.app */,
			);
			name = Products;
			sourceTree = "<group>";
		};
		EE0958841C59A38200330946 /* instagram */ = {
			isa = PBXGroup;
			children = (
				EE0958971C59B78800330946 /* PhotoCell.swift */,
				EE0958851C59A38200330946 /* AppDelegate.swift */,
				EE0958871C59A38200330946 /* photosViewController.swift */,
				EE0958891C59A38200330946 /* Main.storyboard */,
				EE09588C1C59A38200330946 /* Assets.xcassets */,
				EE09588E1C59A38200330946 /* LaunchScreen.storyboard */,
				EE0958911C59A38200330946 /* Info.plist */,
			);
			path = instagram;
			sourceTree = "<group>";
		};
/* End PBXGroup section */

/* Begin PBXNativeTarget section */
		EE0958811C59A38200330946 /* instagram */ = {
			isa = PBXNativeTarget;
			buildConfigurationList = EE0958941C59A38200330946 /* Build configuration list for PBXNativeTarget "instagram" */;
			buildPhases = (
				D4B9739BB89ADD438FC851C4 /* Check Pods Manifest.lock */,
				EE09587E1C59A38200330946 /* Sources */,
				EE09587F1C59A38200330946 /* Frameworks */,
				EE0958801C59A38200330946 /* Resources */,
				2FB07396D1F632878FE80D22 /* Embed Pods Frameworks */,
				9A7AD8EC8602C5DDB20309C0 /* Copy Pods Resources */,
			);
			buildRules = (
			);
			dependencies = (
			);
			name = instagram;
			productName = instagram;
			productReference = EE0958821C59A38200330946 /* instagram.app */;
			productType = "com.apple.product-type.application";
		};
/* End PBXNativeTarget section */

/* Begin PBXProject section */
		EE09587A1C59A38200330946 /* Project object */ = {
			isa = PBXProject;
			attributes = {
				LastSwiftUpdateCheck = 0720;
				LastUpgradeCheck = 0720;
				ORGANIZATIONNAME = "Josh Gebbeken";
				TargetAttributes = {
					EE0958811C59A38200330946 = {
						CreatedOnToolsVersion = 7.2;
					};
				};
			};
			buildConfigurationList = EE09587D1C59A38200330946 /* Build configuration list for PBXProject "instagram" */;
			compatibilityVersion = "Xcode 3.2";
			developmentRegion = English;
			hasScannedForEncodings = 0;
			knownRegions = (
				en,
				Base,
			);
			mainGroup = EE0958791C59A38200330946;
			productRefGroup = EE0958831C59A38200330946 /* Products */;
			projectDirPath = "";
			projectRoot = "";
			targets = (
				EE0958811C59A38200330946 /* instagram */,
			);
		};
/* End PBXProject section */

/* Begin PBXResourcesBuildPhase section */
		EE0958801C59A38200330946 /* Resources */ = {
			isa = PBXResourcesBuildPhase;
			buildActionMask = 2147483647;
			files = (
				EE0958901C59A38200330946 /* LaunchScreen.storyboard in Resources */,
				EE09588D1C59A38200330946 /* Assets.xcassets in Resources */,
				EE09588B1C59A38200330946 /* Main.storyboard in Resources */,
			);
			runOnlyForDeploymentPostprocessing = 0;
		};
/* End PBXResourcesBuildPhase section */

/* Begin PBXShellScriptBuildPhase section */
		2FB07396D1F632878FE80D22 /* Embed Pods Frameworks */ = {
			isa = PBXShellScriptBuildPhase;
			buildActionMask = 2147483647;
			files = (
			);
			inputPaths = (
			);
			name = "Embed Pods Frameworks";
			outputPaths = (
			);
			runOnlyForDeploymentPostprocessing = 0;
			shellPath = /bin/sh;
			shellScript = "\"${SRCROOT}/Pods/Target Support Files/Pods-instagram/Pods-instagram-frameworks.sh\"\n";
			showEnvVarsInLog = 0;
		};
		9A7AD8EC8602C5DDB20309C0 /* Copy Pods Resources */ = {
			isa = PBXShellScriptBuildPhase;
			buildActionMask = 2147483647;
			files = (
			);
			inputPaths = (
			);
			name = "Copy Pods Resources";
			outputPaths = (
			);
			runOnlyForDeploymentPostprocessing = 0;
			shellPath = /bin/sh;
			shellScript = "\"${SRCROOT}/Pods/Target Support Files/Pods-instagram/Pods-instagram-resources.sh\"\n";
			showEnvVarsInLog = 0;
		};
		D4B9739BB89ADD438FC851C4 /* Check Pods Manifest.lock */ = {
			isa = PBXShellScriptBuildPhase;
			buildActionMask = 2147483647;
			files = (
			);
			inputPaths = (
			);
			name = "Check Pods Manifest.lock";
			outputPaths = (
			);
			runOnlyForDeploymentPostprocessing = 0;
			shellPath = /bin/sh;
			shellScript = "diff \"${PODS_ROOT}/../Podfile.lock\" \"${PODS_ROOT}/Manifest.lock\" > /dev/null\nif [[ $? != 0 ]] ; then\n    cat << EOM\nerror: The sandbox is not in sync with the Podfile.lock. Run 'pod install' or update your CocoaPods installation.\nEOM\n    exit 1\nfi\n";
			showEnvVarsInLog = 0;
		};
/* End PBXShellScriptBuildPhase section */

/* Begin PBXSourcesBuildPhase section */
		EE09587E1C59A38200330946 /* Sources */ = {
			isa = PBXSourcesBuildPhase;
			buildActionMask = 2147483647;
			files = (
				EE0958881C59A38200330946 /* photosViewController.swift in Sources */,
				EE0958981C59B78800330946 /* PhotoCell.swift in Sources */,
				EE0958861C59A38200330946 /* AppDelegate.swift in Sources */,
			);
			runOnlyForDeploymentPostprocessing = 0;
		};
/* End PBXSourcesBuildPhase section */

/* Begin PBXVariantGroup section */
		EE0958891C59A38200330946 /* Main.storyboard */ = {
			isa = PBXVariantGroup;
			children = (
				EE09588A1C59A38200330946 /* Base */,
			);
			name = Main.storyboard;
			sourceTree = "<group>";
		};
		EE09588E1C59A38200330946 /* LaunchScreen.storyboard */ = {
			isa = PBXVariantGroup;
			children = (
				EE09588F1C59A38200330946 /* Base */,
			);
			name = LaunchScreen.storyboard;
			sourceTree = "<group>";
		};
/* End PBXVariantGroup section */

/* Begin XCBuildConfiguration section */
		EE0958921C59A38200330946 /* Debug */ = {
			isa = XCBuildConfiguration;
			buildSettings = {
				ALWAYS_SEARCH_USER_PATHS = NO;
				CLANG_CXX_LANGUAGE_STANDARD = "gnu++0x";
				CLANG_CXX_LIBRARY = "libc++";
				CLANG_ENABLE_MODULES = YES;
				CLANG_ENABLE_OBJC_ARC = YES;
				CLANG_WARN_BOOL_CONVERSION = YES;
				CLANG_WARN_CONSTANT_CONVERSION = YES;
				CLANG_WARN_DIRECT_OBJC_ISA_USAGE = YES_ERROR;
				CLANG_WARN_EMPTY_BODY = YES;
				CLANG_WARN_ENUM_CONVERSION = YES;
				CLANG_WARN_INT_CONVERSION = YES;
				CLANG_WARN_OBJC_ROOT_CLASS = YES_ERROR;
				CLANG_WARN_UNREACHABLE_CODE = YES;
				CLANG_WARN__DUPLICATE_METHOD_MATCH = YES;
				"CODE_SIGN_IDENTITY[sdk=iphoneos*]" = "iPhone Developer";
				COPY_PHASE_STRIP = NO;
				DEBUG_INFORMATION_FORMAT = dwarf;
				ENABLE_STRICT_OBJC_MSGSEND = YES;
				ENABLE_TESTABILITY = YES;
				GCC_C_LANGUAGE_STANDARD = gnu99;
				GCC_DYNAMIC_NO_PIC = NO;
				GCC_NO_COMMON_BLOCKS = YES;
				GCC_OPTIMIZATION_LEVEL = 0;
				GCC_PREPROCESSOR_DEFINITIONS = (
					"DEBUG=1",
					"$(inherited)",
				);
				GCC_WARN_64_TO_32_BIT_CONVERSION = YES;
				GCC_WARN_ABOUT_RETURN_TYPE = YES_ERROR;
				GCC_WARN_UNDECLARED_SELECTOR = YES;
				GCC_WARN_UNINITIALIZED_AUTOS = YES_AGGRESSIVE;
				GCC_WARN_UNUSED_FUNCTION = YES;
				GCC_WARN_UNUSED_VARIABLE = YES;
				IPHONEOS_DEPLOYMENT_TARGET = 9.2;
				MTL_ENABLE_DEBUG_INFO = YES;
				ONLY_ACTIVE_ARCH = YES;
				SDKROOT = iphoneos;
				SWIFT_OPTIMIZATION_LEVEL = "-Onone";
			};
			name = Debug;
		};
		EE0958931C59A38200330946 /* Release */ = {
			isa = XCBuildConfiguration;
			buildSettings = {
				ALWAYS_SEARCH_USER_PATHS = NO;
				CLANG_CXX_LANGUAGE_STANDARD = "gnu++0x";
				CLANG_CXX_LIBRARY = "libc++";
				CLANG_ENABLE_MODULES = YES;
				CLANG_ENABLE_OBJC_ARC = YES;
				CLANG_WARN_BOOL_CONVERSION = YES;
				CLANG_WARN_CONSTANT_CONVERSION = YES;
				CLANG_WARN_DIRECT_OBJC_ISA_USAGE = YES_ERROR;
				CLANG_WARN_EMPTY_BODY = YES;
				CLANG_WARN_ENUM_CONVERSION = YES;
				CLANG_WARN_INT_CONVERSION = YES;
				CLANG_WARN_OBJC_ROOT_CLASS = YES_ERROR;
				CLANG_WARN_UNREACHABLE_CODE = YES;
				CLANG_WARN__DUPLICATE_METHOD_MATCH = YES;
				"CODE_SIGN_IDENTITY[sdk=iphoneos*]" = "iPhone Developer";
				COPY_PHASE_STRIP = NO;
				DEBUG_INFORMATION_FORMAT = "dwarf-with-dsym";
				ENABLE_NS_ASSERTIONS = NO;
				ENABLE_STRICT_OBJC_MSGSEND = YES;
				GCC_C_LANGUAGE_STANDARD = gnu99;
				GCC_NO_COMMON_BLOCKS = YES;
				GCC_WARN_64_TO_32_BIT_CONVERSION = YES;
				GCC_WARN_ABOUT_RETURN_TYPE = YES_ERROR;
				GCC_WARN_UNDECLARED_SELECTOR = YES;
				GCC_WARN_UNINITIALIZED_AUTOS = YES_AGGRESSIVE;
				GCC_WARN_UNUSED_FUNCTION = YES;
				GCC_WARN_UNUSED_VARIABLE = YES;
				IPHONEOS_DEPLOYMENT_TARGET = 9.2;
				MTL_ENABLE_DEBUG_INFO = NO;
				SDKROOT = iphoneos;
				VALIDATE_PRODUCT = YES;
			};
			name = Release;
		};
		EE0958951C59A38200330946 /* Debug */ = {
			isa = XCBuildConfiguration;
			baseConfigurationReference = 5DBC435227A1015740E4C0B8 /* Pods-instagram.debug.xcconfig */;
			buildSettings = {
				ASSETCATALOG_COMPILER_APPICON_NAME = AppIcon;
				INFOPLIST_FILE = instagram/Info.plist;
				LD_RUNPATH_SEARCH_PATHS = "$(inherited) @executable_path/Frameworks";
				PRODUCT_BUNDLE_IDENTIFIER = josh.gebbeken.instagram;
				PRODUCT_NAME = "$(TARGET_NAME)";
			};
			name = Debug;
		};
		EE0958961C59A38200330946 /* Release */ = {
			isa = XCBuildConfiguration;
			baseConfigurationReference = AF2F3DA19B2ED5DD3669FEC9 /* Pods-instagram.release.xcconfig */;
			buildSettings = {
				ASSETCATALOG_COMPILER_APPICON_NAME = AppIcon;
				INFOPLIST_FILE = instagram/Info.plist;
				LD_RUNPATH_SEARCH_PATHS = "$(inherited) @executable_path/Frameworks";
				PRODUCT_BUNDLE_IDENTIFIER = josh.gebbeken.instagram;
				PRODUCT_NAME = "$(TARGET_NAME)";
			};
			name = Release;
		};
/* End XCBuildConfiguration section */

/* Begin XCConfigurationList section */
		EE09587D1C59A38200330946 /* Build configuration list for PBXProject "instagram" */ = {
			isa = XCConfigurationList;
			buildConfigurations = (
				EE0958921C59A38200330946 /* Debug */,
				EE0958931C59A38200330946 /* Release */,
			);
			defaultConfigurationIsVisible = 0;
			defaultConfigurationName = Release;
		};
		EE0958941C59A38200330946 /* Build configuration list for PBXNativeTarget "instagram" */ = {
			isa = XCConfigurationList;
			buildConfigurations = (
				EE0958951C59A38200330946 /* Debug */,
				EE0958961C59A38200330946 /* Release */,
			);
			defaultConfigurationIsVisible = 0;
			defaultConfigurationName = Release;
		};
/* End XCConfigurationList section */
	};
	rootObject = EE09587A1C59A38200330946 /* Project object */;
}
